
Microsoft Visual Studio Solution File, Format Version 12.00
Project("{FAE04EC0-301F-11D3-BF4B-00C04F79EFBC}") = "Practice", "Practice\Practice.csproj", "{FF098FB6-6D2F-40F5-BEF1-636AE8D09CAD}"
EndProject
Global
	GlobalSection(SolutionConfigurationPlatforms) = preSolution
		Debug|Any CPU = Debug|Any CPU
		Release|Any CPU = Release|Any CPU
	EndGlobalSection
	GlobalSection(ProjectConfigurationPlatforms) = postSolution
		{FF098FB6-6D2F-40F5-BEF1-636AE8D09CAD}.Debug|Any CPU.ActiveCfg = Debug|Any CPU
		{FF098FB6-6D2F-40F5-BEF1-636AE8D09CAD}.Debug|Any CPU.Build.0 = Debug|Any CPU
		{FF098FB6-6D2F-40F5-BEF1-636AE8D09CAD}.Release|Any CPU.ActiveCfg = Release|Any CPU
		{FF098FB6-6D2F-40F5-BEF1-636AE8D09CAD}.Release|Any CPU.Build.0 = Release|Any CPU
	EndGlobalSection
EndGlobal
